// !$*UTF8*$!
{
	archiveVersion = 1;
	classes = {
	};
	objectVersion = 77;
	objects = {

/* Begin PBXContainerItemProxy section */
		84BD786D2DC3D66D0076E97A /* PBXContainerItemProxy */ = {
			isa = PBXContainerItemProxy;
			containerPortal = 84BD784E2DC3D66B0076E97A /* Project object */;
			proxyType = 1;
			remoteGlobalIDString = 84BD78552DC3D66B0076E97A;
			remoteInfo = Sign_in_with_Apple_Google;
		};
		84BD78772DC3D66D0076E97A /* PBXContainerItemProxy */ = {
			isa = PBXContainerItemProxy;
			containerPortal = 84BD784E2DC3D66B0076E97A /* Project object */;
			proxyType = 1;
			remoteGlobalIDString = 84BD78552DC3D66B0076E97A;
			remoteInfo = Sign_in_with_Apple_Google;
		};
/* End PBXContainerItemProxy section */

/* Begin PBXFileReference section */
		84BD78562DC3D66B0076E97A /* Sign_in_with_Apple_Google.app */ = {isa = PBXFileReference; explicitFileType = wrapper.application; includeInIndex = 0; path = Sign_in_with_Apple_Google.app; sourceTree = BUILT_PRODUCTS_DIR; };
		84BD786C2DC3D66D0076E97A /* Sign_in_with_Apple_GoogleTests.xctest */ = {isa = PBXFileReference; explicitFileType = wrapper.cfbundle; includeInIndex = 0; path = Sign_in_with_Apple_GoogleTests.xctest; sourceTree = BUILT_PRODUCTS_DIR; };
		84BD78762DC3D66D0076E97A /* Sign_in_with_Apple_GoogleUITests.xctest */ = {isa = PBXFileReference; explicitFileType = wrapper.cfbundle; includeInIndex = 0; path = Sign_in_with_Apple_GoogleUITests.xctest; sourceTree = BUILT_PRODUCTS_DIR; };
/* End PBXFileReference section */

/* Begin PBXFileSystemSynchronizedBuildFileExceptionSet section */
		84BD787E2DC3D66D0076E97A /* Exceptions for "Sign_in_with_Apple_Google" folder in "Sign_in_with_Apple_Google" target */ = {
			isa = PBXFileSystemSynchronizedBuildFileExceptionSet;
			membershipExceptions = (
				Info.plist,
			);
			target = 84BD78552DC3D66B0076E97A /* Sign_in_with_Apple_Google */;
		};
/* End PBXFileSystemSynchronizedBuildFileExceptionSet section */

/* Begin PBXFileSystemSynchronizedRootGroup section */
		84BD78582DC3D66B0076E97A /* Sign_in_with_Apple_Google */ = {
			isa = PBXFileSystemSynchronizedRootGroup;
			exceptions = (
				84BD787E2DC3D66D0076E97A /* Exceptions for "Sign_in_with_Apple_Google" folder in "Sign_in_with_Apple_Google" target */,
			);
			path = Sign_in_with_Apple_Google;
			sourceTree = "<group>";
		};
		84BD786F2DC3D66D0076E97A /* Sign_in_with_Apple_GoogleTests */ = {
			isa = PBXFileSystemSynchronizedRootGroup;
			path = Sign_in_with_Apple_GoogleTests;
			sourceTree = "<group>";
		};
		84BD78792DC3D66D0076E97A /* Sign_in_with_Apple_GoogleUITests */ = {
			isa = PBXFileSystemSynchronizedRootGroup;
			path = Sign_in_with_Apple_GoogleUITests;
			sourceTree = "<group>";
		};
/* End PBXFileSystemSynchronizedRootGroup section */

/* Begin PBXFrameworksBuildPhase section */
		84BD78532DC3D66B0076E97A /* Frameworks */ = {
			isa = PBXFrameworksBuildPhase;
			buildActionMask = 2147483647;
			files = (
			);
			runOnlyForDeploymentPostprocessing = 0;
		};
		84BD78692DC3D66D0076E97A /* Frameworks */ = {
			isa = PBXFrameworksBuildPhase;
			buildActionMask = 2147483647;
			files = (
			);
			runOnlyForDeploymentPostprocessing = 0;
		};
		84BD78732DC3D66D0076E97A /* Frameworks */ = {
			isa = PBXFrameworksBuildPhase;
			buildActionMask = 2147483647;
			files = (
			);
			runOnlyForDeploymentPostprocessing = 0;
		};
/* End PBXFrameworksBuildPhase section */

/* Begin PBXGroup section */
		84BD784D2DC3D66B0076E97A = {
			isa = PBXGroup;
			children = (
				84BD78582DC3D66B0076E97A /* Sign_in_with_Apple_Google */,
				84BD786F2DC3D66D0076E97A /* Sign_in_with_Apple_GoogleTests */,
				84BD78792DC3D66D0076E97A /* Sign_in_with_Apple_GoogleUITests */,
				84BD78572DC3D66B0076E97A /* Products */,
			);
			sourceTree = "<group>";
		};
		84BD78572DC3D66B0076E97A /* Products */ = {
			isa = PBXGroup;
			children = (
				84BD78562DC3D66B0076E97A /* Sign_in_with_Apple_Google.app */,
				84BD786C2DC3D66D0076E97A /* Sign_in_with_Apple_GoogleTests.xctest */,
				84BD78762DC3D66D0076E97A /* Sign_in_with_Apple_GoogleUITests.xctest */,
			);
			name = Products;
			sourceTree = "<group>";
		};
/* End PBXGroup section */

/* Begin PBXNativeTarget section */
		84BD78552DC3D66B0076E97A /* Sign_in_with_Apple_Google */ = {
			isa = PBXNativeTarget;
			buildConfigurationList = 84BD787F2DC3D66D0076E97A /* Build configuration list for PBXNativeTarget "Sign_in_with_Apple_Google" */;
			buildPhases = (
				84BD78522DC3D66B0076E97A /* Sources */,
				84BD78532DC3D66B0076E97A /* Frameworks */,
				84BD78542DC3D66B0076E97A /* Resources */,
			);
			buildRules = (
			);
			dependencies = (
			);
			fileSystemSynchronizedGroups = (
				84BD78582DC3D66B0076E97A /* Sign_in_with_Apple_Google */,
			);
			name = Sign_in_with_Apple_Google;
			packageProductDependencies = (
			);
			productName = Sign_in_with_Apple_Google;
			productReference = 84BD78562DC3D66B0076E97A /* Sign_in_with_Apple_Google.app */;
			productType = "com.apple.product-type.application";
		};
		84BD786B2DC3D66D0076E97A /* Sign_in_with_Apple_GoogleTests */ = {
			isa = PBXNativeTarget;
			buildConfigurationList = 84BD78842DC3D66D0076E97A /* Build configuration list for PBXNativeTarget "Sign_in_with_Apple_GoogleTests" */;
			buildPhases = (
				84BD78682DC3D66D0076E97A /* Sources */,
				84BD78692DC3D66D0076E97A /* Frameworks */,
				84BD786A2DC3D66D0076E97A /* Resources */,
			);
			buildRules = (
			);
			dependencies = (
				84BD786E2DC3D66D0076E97A /* PBXTargetDependency */,
			);
			fileSystemSynchronizedGroups = (
				84BD786F2DC3D66D0076E97A /* Sign_in_with_Apple_GoogleTests */,
			);
			name = Sign_in_with_Apple_GoogleTests;
			packageProductDependencies = (
			);
			productName = Sign_in_with_Apple_GoogleTests;
			productReference = 84BD786C2DC3D66D0076E97A /* Sign_in_with_Apple_GoogleTests.xctest */;
			productType = "com.apple.product-type.bundle.unit-test";
		};
		84BD78752DC3D66D0076E97A /* Sign_in_with_Apple_GoogleUITests */ = {
			isa = PBXNativeTarget;
			buildConfigurationList = 84BD78872DC3D66D0076E97A /* Build configuration list for PBXNativeTarget "Sign_in_with_Apple_GoogleUITests" */;
			buildPhases = (
				84BD78722DC3D66D0076E97A /* Sources */,
				84BD78732DC3D66D0076E97A /* Frameworks */,
				84BD78742DC3D66D0076E97A /* Resources */,
			);
			buildRules = (
			);
			dependencies = (
				84BD78782DC3D66D0076E97A /* PBXTargetDependency */,
			);
			fileSystemSynchronizedGroups = (
				84BD78792DC3D66D0076E97A /* Sign_in_with_Apple_GoogleUITests */,
			);
			name = Sign_in_with_Apple_GoogleUITests;
			packageProductDependencies = (
			);
			productName = Sign_in_with_Apple_GoogleUITests;
			productReference = 84BD78762DC3D66D0076E97A /* Sign_in_with_Apple_GoogleUITests.xctest */;
			productType = "com.apple.product-type.bundle.ui-testing";
		};
/* End PBXNativeTarget section */

/* Begin PBXProject section */
		84BD784E2DC3D66B0076E97A /* Project object */ = {
			isa = PBXProject;
			attributes = {
				BuildIndependentTargetsInParallel = 1;
				LastSwiftUpdateCheck = 1630;
				LastUpgradeCheck = 1630;
				TargetAttributes = {
					84BD78552DC3D66B0076E97A = {
						CreatedOnToolsVersion = 16.3;
					};
					84BD786B2DC3D66D0076E97A = {
						CreatedOnToolsVersion = 16.3;
						TestTargetID = 84BD78552DC3D66B0076E97A;
					};
					84BD78752DC3D66D0076E97A = {
						CreatedOnToolsVersion = 16.3;
						TestTargetID = 84BD78552DC3D66B0076E97A;
					};
				};
			};
			buildConfigurationList = 84BD78512DC3D66B0076E97A /* Build configuration list for PBXProject "Sign_in_with_Apple_Google" */;
			developmentRegion = en;
			hasScannedForEncodings = 0;
			knownRegions = (
				en,
				Base,
			);
			mainGroup = 84BD784D2DC3D66B0076E97A;
			minimizedProjectReferenceProxies = 1;
			preferredProjectObjectVersion = 77;
			productRefGroup = 84BD78572DC3D66B0076E97A /* Products */;
			projectDirPath = "";
			projectRoot = "";
			targets = (
				84BD78552DC3D66B0076E97A /* Sign_in_with_Apple_Google */,
				84BD786B2DC3D66D0076E97A /* Sign_in_with_Apple_GoogleTests */,
				84BD78752DC3D66D0076E97A /* Sign_in_with_Apple_GoogleUITests */,
			);
		};
/* End PBXProject section */

/* Begin PBXResourcesBuildPhase section */
		84BD78542DC3D66B0076E97A /* Resources */ = {
			isa = PBXResourcesBuildPhase;
			buildActionMask = 2147483647;
			files = (
			);
			runOnlyForDeploymentPostprocessing = 0;
		};
		84BD786A2DC3D66D0076E97A /* Resources */ = {
			isa = PBXResourcesBuildPhase;
			buildActionMask = 2147483647;
			files = (
			);
			runOnlyForDeploymentPostprocessing = 0;
		};
		84BD78742DC3D66D0076E97A /* Resources */ = {
			isa = PBXResourcesBuildPhase;
			buildActionMask = 2147483647;
			files = (
			);
			runOnlyForDeploymentPostprocessing = 0;
		};
/* End PBXResourcesBuildPhase section */

/* Begin PBXSourcesBuildPhase section */
		84BD78522DC3D66B0076E97A /* Sources */ = {
			isa = PBXSourcesBuildPhase;
			buildActionMask = 2147483647;
			files = (
			);
			runOnlyForDeploymentPostprocessing = 0;
		};
		84BD78682DC3D66D0076E97A /* Sources */ = {
			isa = PBXSourcesBuildPhase;
			buildActionMask = 2147483647;
			files = (
			);
			runOnlyForDeploymentPostprocessing = 0;
		};
		84BD78722DC3D66D0076E97A /* Sources */ = {
			isa = PBXSourcesBuildPhase;
			buildActionMask = 2147483647;
			files = (
			);
			runOnlyForDeploymentPostprocessing = 0;
		};
/* End PBXSourcesBuildPhase section */

/* Begin PBXTargetDependency section */
		84BD786E2DC3D66D0076E97A /* PBXTargetDependency */ = {
			isa = PBXTargetDependency;
			target = 84BD78552DC3D66B0076E97A /* Sign_in_with_Apple_Google */;
			targetProxy = 84BD786D2DC3D66D0076E97A /* PBXContainerItemProxy */;
		};
		84BD78782DC3D66D0076E97A /* PBXTargetDependency */ = {
			isa = PBXTargetDependency;
			target = 84BD78552DC3D66B0076E97A /* Sign_in_with_Apple_Google */;
			targetProxy = 84BD78772DC3D66D0076E97A /* PBXContainerItemProxy */;
		};
/* End PBXTargetDependency section */

/* Begin XCBuildConfiguration section */
		84BD78802DC3D66D0076E97A /* Debug */ = {
			isa = XCBuildConfiguration;
			buildSettings = {
				ASSETCATALOG_COMPILER_APPICON_NAME = AppIcon;
				ASSETCATALOG_COMPILER_GLOBAL_ACCENT_COLOR_NAME = AccentColor;
				CODE_SIGN_STYLE = Automatic;
				CURRENT_PROJECT_VERSION = 1;
				DEVELOPMENT_TEAM = 74U32DPQ4T;
				GENERATE_INFOPLIST_FILE = YES;
				INFOPLIST_FILE = Sign_in_with_Apple_Google/Info.plist;
				INFOPLIST_KEY_UIApplicationSupportsIndirectInputEvents = YES;
				INFOPLIST_KEY_UILaunchStoryboardName = LaunchScreen;
				INFOPLIST_KEY_UIMainStoryboardFile = Main;
				INFOPLIST_KEY_UISupportedInterfaceOrientations_iPad = "UIInterfaceOrientationPortrait UIInterfaceOrientationPortraitUpsideDown UIInterfaceOrientationLandscapeLeft UIInterfaceOrientationLandscapeRight";
				INFOPLIST_KEY_UISupportedInterfaceOrientations_iPhone = "UIInterfaceOrientationPortrait UIInterfaceOrientationLandscapeLeft UIInterfaceOrientationLandscapeRight";
				LD_RUNPATH_SEARCH_PATHS = (
					"$(inherited)",
					"@executable_path/Frameworks",
				);
				MARKETING_VERSION = 1.0;
				PRODUCT_BUNDLE_IDENTIFIER = "abc.Sign-in-with-Apple-Google";
				PRODUCT_NAME = "$(TARGET_NAME)";
				SWIFT_EMIT_LOC_STRINGS = YES;
				SWIFT_VERSION = 5.0;
				TARGETED_DEVICE_FAMILY = "1,2";
			};
			name = Debug;
		};
		84BD78812DC3D66D0076E97A /* Release */ = {
			isa = XCBuildConfiguration;
			buildSettings = {
				ASSETCATALOG_COMPILER_APPICON_NAME = AppIcon;
				ASSETCATALOG_COMPILER_GLOBAL_ACCENT_COLOR_NAME = AccentColor;
				CODE_SIGN_STYLE = Automatic;
				CURRENT_PROJECT_VERSION = 1;
				DEVELOPMENT_TEAM = 74U32DPQ4T;
				GENERATE_INFOPLIST_FILE = YES;
				INFOPLIST_FILE = Sign_in_with_Apple_Google/Info.plist;
				INFOPLIST_KEY_UIApplicationSupportsIndirectInputEvents = YES;
				INFOPLIST_KEY_UILaunchStoryboardName = LaunchScreen;
				INFOPLIST_KEY_UIMainStoryboardFile = Main;
				INFOPLIST_KEY_UISupportedInterfaceOrientations_iPad = "UIInterfaceOrientationPortrait UIInterfaceOrientationPortraitUpsideDown UIInterfaceOrientationLandscapeLeft UIInterfaceOrientationLandscapeRight";
				INFOPLIST_KEY_UISupportedInterfaceOrientations_iPhone = "UIInterfaceOrientationPortrait UIInterfaceOrientationLandscapeLeft UIInterfaceOrientationLandscapeRight";
				LD_RUNPATH_SEARCH_PATHS = (
					"$(inherited)",
					"@executable_path/Frameworks",
				);
				MARKETING_VERSION = 1.0;
				PRODUCT_BUNDLE_IDENTIFIER = "abc.Sign-in-with-Apple-Google";
				PRODUCT_NAME = "$(TARGET_NAME)";
				SWIFT_EMIT_LOC_STRINGS = YES;
				SWIFT_VERSION = 5.0;
				TARGETED_DEVICE_FAMILY = "1,2";
			};
			name = Release;
		};
		84BD78822DC3D66D0076E97A /* Debug */ = {
			isa = XCBuildConfiguration;
			buildSettings = {
				ALWAYS_SEARCH_USER_PATHS = NO;
				ASSETCATALOG_COMPILER_GENERATE_SWIFT_ASSET_SYMBOL_EXTENSIONS = YES;
				CLANG_ANALYZER_NONNULL = YES;
				CLANG_ANALYZER_NUMBER_OBJECT_CONVERSION = YES_AGGRESSIVE;
				CLANG_CXX_LANGUAGE_STANDARD = "gnu++20";
				CLANG_ENABLE_MODULES = YES;
				CLANG_ENABLE_OBJC_ARC = YES;
				CLANG_ENABLE_OBJC_WEAK = YES;
				CLANG_WARN_BLOCK_CAPTURE_AUTORELEASING = YES;
				CLANG_WARN_BOOL_CONVERSION = YES;
				CLANG_WARN_COMMA = YES;
				CLANG_WARN_CONSTANT_CONVERSION = YES;
				CLANG_WARN_DEPRECATED_OBJC_IMPLEMENTATIONS = YES;
				CLANG_WARN_DIRECT_OBJC_ISA_USAGE = YES_ERROR;
				CLANG_WARN_DOCUMENTATION_COMMENTS = YES;
				CLANG_WARN_EMPTY_BODY = YES;
				CLANG_WARN_ENUM_CONVERSION = YES;
				CLANG_WARN_INFINITE_RECURSION = YES;
				CLANG_WARN_INT_CONVERSION = YES;
				CLANG_WARN_NON_LITERAL_NULL_CONVERSION = YES;
				CLANG_WARN_OBJC_IMPLICIT_RETAIN_SELF = YES;
				CLANG_WARN_OBJC_LITERAL_CONVERSION = YES;
				CLANG_WARN_OBJC_ROOT_CLASS = YES_ERROR;
				CLANG_WARN_QUOTED_INCLUDE_IN_FRAMEWORK_HEADER = YES;
				CLANG_WARN_RANGE_LOOP_ANALYSIS = YES;
				CLANG_WARN_STRICT_PROTOTYPES = YES;
				CLANG_WARN_SUSPICIOUS_MOVE = YES;
				CLANG_WARN_UNGUARDED_AVAILABILITY = YES_AGGRESSIVE;
				CLANG_WARN_UNREACHABLE_CODE = YES;
				CLANG_WARN__DUPLICATE_METHOD_MATCH = YES;
				COPY_PHASE_STRIP = NO;
				DEBUG_INFORMATION_FORMAT = dwarf;
				DEVELOPMENT_TEAM = 74U32DPQ4T;
				ENABLE_STRICT_OBJC_MSGSEND = YES;
				ENABLE_TESTABILITY = YES;
				ENABLE_USER_SCRIPT_SANDBOXING = YES;
				GCC_C_LANGUAGE_STANDARD = gnu17;
				GCC_DYNAMIC_NO_PIC = NO;
				GCC_NO_COMMON_BLOCKS = YES;
				GCC_OPTIMIZATION_LEVEL = 0;
				GCC_PREPROCESSOR_DEFINITIONS = (
					"DEBUG=1",
					"$(inherited)",
				);
				GCC_WARN_64_TO_32_BIT_CONVERSION = YES;
				GCC_WARN_ABOUT_RETURN_TYPE = YES_ERROR;
				GCC_WARN_UNDECLARED_SELECTOR = YES;
				GCC_WARN_UNINITIALIZED_AUTOS = YES_AGGRESSIVE;
				GCC_WARN_UNUSED_FUNCTION = YES;
				GCC_WARN_UNUSED_VARIABLE = YES;
				IPHONEOS_DEPLOYMENT_TARGET = 18.4;
				LOCALIZATION_PREFERS_STRING_CATALOGS = YES;
				MTL_ENABLE_DEBUG_INFO = INCLUDE_SOURCE;
				MTL_FAST_MATH = YES;
				ONLY_ACTIVE_ARCH = YES;
				SDKROOT = iphoneos;
				SWIFT_ACTIVE_COMPILATION_CONDITIONS = "DEBUG $(inherited)";
				SWIFT_OPTIMIZATION_LEVEL = "-Onone";
			};
			name = Debug;
		};
		84BD78832DC3D66D0076E97A /* Release */ = {
			isa = XCBuildConfiguration;
			buildSettings = {
				ALWAYS_SEARCH_USER_PATHS = NO;
				ASSETCATALOG_COMPILER_GENERATE_SWIFT_ASSET_SYMBOL_EXTENSIONS = YES;
				CLANG_ANALYZER_NONNULL = YES;
				CLANG_ANALYZER_NUMBER_OBJECT_CONVERSION = YES_AGGRESSIVE;
				CLANG_CXX_LANGUAGE_STANDARD = "gnu++20";
				CLANG_ENABLE_MODULES = YES;
				CLANG_ENABLE_OBJC_ARC = YES;
				CLANG_ENABLE_OBJC_WEAK = YES;
				CLANG_WARN_BLOCK_CAPTURE_AUTORELEASING = YES;
				CLANG_WARN_BOOL_CONVERSION = YES;
				CLANG_WARN_COMMA = YES;
				CLANG_WARN_CONSTANT_CONVERSION = YES;
				CLANG_WARN_DEPRECATED_OBJC_IMPLEMENTATIONS = YES;
				CLANG_WARN_DIRECT_OBJC_ISA_USAGE = YES_ERROR;
				CLANG_WARN_DOCUMENTATION_COMMENTS = YES;
				CLANG_WARN_EMPTY_BODY = YES;
				CLANG_WARN_ENUM_CONVERSION = YES;
				CLANG_WARN_INFINITE_RECURSION = YES;
				CLANG_WARN_INT_CONVERSION = YES;
				CLANG_WARN_NON_LITERAL_NULL_CONVERSION = YES;
				CLANG_WARN_OBJC_IMPLICIT_RETAIN_SELF = YES;
				CLANG_WARN_OBJC_LITERAL_CONVERSION = YES;
				CLANG_WARN_OBJC_ROOT_CLASS = YES_ERROR;
				CLANG_WARN_QUOTED_INCLUDE_IN_FRAMEWORK_HEADER = YES;
				CLANG_WARN_RANGE_LOOP_ANALYSIS = YES;
				CLANG_WARN_STRICT_PROTOTYPES = YES;
				CLANG_WARN_SUSPICIOUS_MOVE = YES;
				CLANG_WARN_UNGUARDED_AVAILABILITY = YES_AGGRESSIVE;
				CLANG_WARN_UNREACHABLE_CODE = YES;
				CLANG_WARN__DUPLICATE_METHOD_MATCH = YES;
				COPY_PHASE_STRIP = NO;
				DEBUG_INFORMATION_FORMAT = "dwarf-with-dsym";
				DEVELOPMENT_TEAM = 74U32DPQ4T;
				ENABLE_NS_ASSERTIONS = NO;
				ENABLE_STRICT_OBJC_MSGSEND = YES;
				ENABLE_USER_SCRIPT_SANDBOXING = YES;
				GCC_C_LANGUAGE_STANDARD = gnu17;
				GCC_NO_COMMON_BLOCKS = YES;
				GCC_WARN_64_TO_32_BIT_CONVERSION = YES;
				GCC_WARN_ABOUT_RETURN_TYPE = YES_ERROR;
				GCC_WARN_UNDECLARED_SELECTOR = YES;
				GCC_WARN_UNINITIALIZED_AUTOS = YES_AGGRESSIVE;
				GCC_WARN_UNUSED_FUNCTION = YES;
				GCC_WARN_UNUSED_VARIABLE = YES;
				IPHONEOS_DEPLOYMENT_TARGET = 18.4;
				LOCALIZATION_PREFERS_STRING_CATALOGS = YES;
				MTL_ENABLE_DEBUG_INFO = NO;
				MTL_FAST_MATH = YES;
				SDKROOT = iphoneos;
				SWIFT_COMPILATION_MODE = wholemodule;
				VALIDATE_PRODUCT = YES;
			};
			name = Release;
		};
		84BD78852DC3D66D0076E97A /* Debug */ = {
			isa = XCBuildConfiguration;
			buildSettings = {
				BUNDLE_LOADER = "$(TEST_HOST)";
				CODE_SIGN_STYLE = Automatic;
				CURRENT_PROJECT_VERSION = 1;
				DEVELOPMENT_TEAM = 74U32DPQ4T;
				GENERATE_INFOPLIST_FILE = YES;
				IPHONEOS_DEPLOYMENT_TARGET = 18.4;
				MARKETING_VERSION = 1.0;
				PRODUCT_BUNDLE_IDENTIFIER = "abc.Sign-in-with-Apple-GoogleTests";
				PRODUCT_NAME = "$(TARGET_NAME)";
				SWIFT_EMIT_LOC_STRINGS = NO;
				SWIFT_VERSION = 5.0;
				TARGETED_DEVICE_FAMILY = "1,2";
				TEST_HOST = "$(BUILT_PRODUCTS_DIR)/Sign_in_with_Apple_Google.app/$(BUNDLE_EXECUTABLE_FOLDER_PATH)/Sign_in_with_Apple_Google";
			};
			name = Debug;
		};
		84BD78862DC3D66D0076E97A /* Release */ = {
			isa = XCBuildConfiguration;
			buildSettings = {
				BUNDLE_LOADER = "$(TEST_HOST)";
				CODE_SIGN_STYLE = Automatic;
				CURRENT_PROJECT_VERSION = 1;
				DEVELOPMENT_TEAM = 74U32DPQ4T;
				GENERATE_INFOPLIST_FILE = YES;
				IPHONEOS_DEPLOYMENT_TARGET = 18.4;
				MARKETING_VERSION = 1.0;
				PRODUCT_BUNDLE_IDENTIFIER = "abc.Sign-in-with-Apple-GoogleTests";
				PRODUCT_NAME = "$(TARGET_NAME)";
				SWIFT_EMIT_LOC_STRINGS = NO;
				SWIFT_VERSION = 5.0;
				TARGETED_DEVICE_FAMILY = "1,2";
				TEST_HOST = "$(BUILT_PRODUCTS_DIR)/Sign_in_with_Apple_Google.app/$(BUNDLE_EXECUTABLE_FOLDER_PATH)/Sign_in_with_Apple_Google";
			};
			name = Release;
		};
		84BD78882DC3D66D0076E97A /* Debug */ = {
			isa = XCBuildConfiguration;
			buildSettings = {
				CODE_SIGN_STYLE = Automatic;
				CURRENT_PROJECT_VERSION = 1;
				DEVELOPMENT_TEAM = 74U32DPQ4T;
				GENERATE_INFOPLIST_FILE = YES;
				MARKETING_VERSION = 1.0;
				PRODUCT_BUNDLE_IDENTIFIER = "abc.Sign-in-with-Apple-GoogleUITests";
				PRODUCT_NAME = "$(TARGET_NAME)";
				SWIFT_EMIT_LOC_STRINGS = NO;
				SWIFT_VERSION = 5.0;
				TARGETED_DEVICE_FAMILY = "1,2";
				TEST_TARGET_NAME = Sign_in_with_Apple_Google;
			};
			name = Debug;
		};
		84BD78892DC3D66D0076E97A /* Release */ = {
			isa = XCBuildConfiguration;
			buildSettings = {
				CODE_SIGN_STYLE = Automatic;
				CURRENT_PROJECT_VERSION = 1;
				DEVELOPMENT_TEAM = 74U32DPQ4T;
				GENERATE_INFOPLIST_FILE = YES;
				MARKETING_VERSION = 1.0;
				PRODUCT_BUNDLE_IDENTIFIER = "abc.Sign-in-with-Apple-GoogleUITests";
				PRODUCT_NAME = "$(TARGET_NAME)";
				SWIFT_EMIT_LOC_STRINGS = NO;
				SWIFT_VERSION = 5.0;
				TARGETED_DEVICE_FAMILY = "1,2";
				TEST_TARGET_NAME = Sign_in_with_Apple_Google;
			};
			name = Release;
		};
/* End XCBuildConfiguration section */

/* Begin XCConfigurationList section */
		84BD78512DC3D66B0076E97A /* Build configuration list for PBXProject "Sign_in_with_Apple_Google" */ = {
			isa = XCConfigurationList;
			buildConfigurations = (
				84BD78822DC3D66D0076E97A /* Debug */,
				84BD78832DC3D66D0076E97A /* Release */,
			);
			defaultConfigurationIsVisible = 0;
			defaultConfigurationName = Release;
		};
		84BD787F2DC3D66D0076E97A /* Build configuration list for PBXNativeTarget "Sign_in_with_Apple_Google" */ = {
			isa = XCConfigurationList;
			buildConfigurations = (
				84BD78802DC3D66D0076E97A /* Debug */,
				84BD78812DC3D66D0076E97A /* Release */,
			);
			defaultConfigurationIsVisible = 0;
			defaultConfigurationName = Release;
		};
		84BD78842DC3D66D0076E97A /* Build configuration list for PBXNativeTarget "Sign_in_with_Apple_GoogleTests" */ = {
			isa = XCConfigurationList;
			buildConfigurations = (
				84BD78852DC3D66D0076E97A /* Debug */,
				84BD78862DC3D66D0076E97A /* Release */,
			);
			defaultConfigurationIsVisible = 0;
			defaultConfigurationName = Release;
		};
		84BD78872DC3D66D0076E97A /* Build configuration list for PBXNativeTarget "Sign_in_with_Apple_GoogleUITests" */ = {
			isa = XCConfigurationList;
			buildConfigurations = (
				84BD78882DC3D66D0076E97A /* Debug */,
				84BD78892DC3D66D0076E97A /* Release */,
			);
			defaultConfigurationIsVisible = 0;
			defaultConfigurationName = Release;
		};
/* End XCConfigurationList section */
	};
	rootObject = 84BD784E2DC3D66B0076E97A /* Project object */;
}
